
Microsoft Visual Studio Solution File, Format Version 12.00
# Visual Studio Version 17
VisualStudioVersion = 17.5.33414.496
MinimumVisualStudioVersion = 10.0.40219.1
Project("{8BC9CEB8-8B4A-11D0-8D11-00A0C91BC942}") = "Demo", "Demo\Demo.vcxproj", "{1E38DFF5-EF00-45BF-B00F-8B2964FC31CD}"
EndProject
Project("{8BC9CEB8-8B4A-11D0-8D11-00A0C91BC942}") = "Solver", "Solver\Solver.vcxproj", "{EC9E29AC-B665-44FF-ACAE-997DF8C18ED2}"
EndProject
Project("{8BC9CEB8-8B4A-11D0-8D11-00A0C91BC942}") = "Solver.Tests", "Solver.Tests\Solver.Tests.vcxproj", "{12C0018F-A718-4A7D-8B1B-7B96F22B9E81}"
EndProject
Global
	GlobalSection(SolutionConfigurationPlatforms) = preSolution
		Debug|x64 = Debug|x64
		Debug|x86 = Debug|x86
		Release|x64 = Release|x64
		Release|x86 = Release|x86
	EndGlobalSection
	GlobalSection(ProjectConfigurationPlatforms) = postSolution
		{1E38DFF5-EF00-45BF-B00F-8B2964FC31CD}.Debug|x64.ActiveCfg = Debug|x64
		{1E38DFF5-EF00-45BF-B00F-8B2964FC31CD}.Debug|x64.Build.0 = Debug|x64
		{1E38DFF5-EF00-45BF-B00F-8B2964FC31CD}.Debug|x86.ActiveCfg = Debug|Win32
		{1E38DFF5-EF00-45BF-B00F-8B2964FC31CD}.Debug|x86.Build.0 = Debug|Win32
		{1E38DFF5-EF00-45BF-B00F-8B2964FC31CD}.Release|x64.ActiveCfg = Release|x64
		{1E38DFF5-EF00-45BF-B00F-8B2964FC31CD}.Release|x64.Build.0 = Release|x64
		{1E38DFF5-EF00-45BF-B00F-8B2964FC31CD}.Release|x86.ActiveCfg = Release|Win32
		{1E38DFF5-EF00-45BF-B00F-8B2964FC31CD}.Release|x86.Build.0 = Release|Win32
		{EC9E29AC-B665-44FF-ACAE-997DF8C18ED2}.Debug|x64.ActiveCfg = Debug|x64
		{EC9E29AC-B665-44FF-ACAE-997DF8C18ED2}.Debug|x64.Build.0 = Debug|x64
		{EC9E29AC-B665-44FF-ACAE-997DF8C18ED2}.Debug|x86.ActiveCfg = Debug|Win32
		{EC9E29AC-B665-44FF-ACAE-997DF8C18ED2}.Debug|x86.Build.0 = Debug|Win32
		{EC9E29AC-B665-44FF-ACAE-997DF8C18ED2}.Release|x64.ActiveCfg = Release|x64
		{EC9E29AC-B665-44FF-ACAE-997DF8C18ED2}.Release|x64.Build.0 = Release|x64
		{EC9E29AC-B665-44FF-ACAE-997DF8C18ED2}.Release|x86.ActiveCfg = Release|Win32
		{EC9E29AC-B665-44FF-ACAE-997DF8C18ED2}.Release|x86.Build.0 = Release|Win32
		{12C0018F-A718-4A7D-8B1B-7B96F22B9E81}.Debug|x64.ActiveCfg = Debug|x64
		{12C0018F-A718-4A7D-8B1B-7B96F22B9E81}.Debug|x64.Build.0 = Debug|x64
		{12C0018F-A718-4A7D-8B1B-7B96F22B9E81}.Debug|x86.ActiveCfg = Debug|Win32
		{12C0018F-A718-4A7D-8B1B-7B96F22B9E81}.Debug|x86.Build.0 = Debug|Win32
		{12C0018F-A718-4A7D-8B1B-7B96F22B9E81}.Release|x64.ActiveCfg = Release|x64
		{12C0018F-A718-4A7D-8B1B-7B96F22B9E81}.Release|x64.Build.0 = Release|x64
		{12C0018F-A718-4A7D-8B1B-7B96F22B9E81}.Release|x86.ActiveCfg = Release|Win32
		{12C0018F-A718-4A7D-8B1B-7B96F22B9E81}.Release|x86.Build.0 = Release|Win32
	EndGlobalSection
	GlobalSection(SolutionProperties) = preSolution
		HideSolutionNode = FALSE
	EndGlobalSection
	GlobalSection(ExtensibilityGlobals) = postSolution
		SolutionGuid = {AD18A2C1-4E6C-48CA-9334-DE65490AF192}
	EndGlobalSection
EndGlobal
